{
  "name": "@tinyopsstudio/outcomeloop",
  "version": "0.1.2",
  "lockfileVersion": 3,
  "requires": true,
  "packages": {
    "": {
      "name": "@tinyopsstudio/outcomeloop",
      "version": "0.1.2",
      "license": "MIT",
      "bin": {
        "outcomeloop": "src/cli.js"
      },
      "engines": {
        "node": ">=20"
      }
    }
  }
}
